// !$*UTF8*$!
{
	archiveVersion = 1;
	classes = {
	};
	objectVersion = 50;
	objects = {

/* Begin PBXBuildFile section */
		D2B918DB2164A6F3002BAB91 /* AppDelegate.swift in Sources */ = {isa = PBXBuildFile; fileRef = D2B918DA2164A6F3002BAB91 /* AppDelegate.swift */; };
		D2B918DD2164A6F3002BAB91 /* ViewController.swift in Sources */ = {isa = PBXBuildFile; fileRef = D2B918DC2164A6F3002BAB91 /* ViewController.swift */; };
		D2B918E02164A6F3002BAB91 /* Main.storyboard in Resources */ = {isa = PBXBuildFile; fileRef = D2B918DE2164A6F3002BAB91 /* Main.storyboard */; };
		D2B918E32164A6F3002BAB91 /* PooPeeBox.xcdatamodeld in Sources */ = {isa = PBXBuildFile; fileRef = D2B918E12164A6F3002BAB91 /* PooPeeBox.xcdatamodeld */; };
		D2B918E52164A6F5002BAB91 /* Assets.xcassets in Resources */ = {isa = PBXBuildFile; fileRef = D2B918E42164A6F5002BAB91 /* Assets.xcassets */; };
		D2B918E82164A6F5002BAB91 /* LaunchScreen.storyboard in Resources */ = {isa = PBXBuildFile; fileRef = D2B918E62164A6F5002BAB91 /* LaunchScreen.storyboard */; };
/* End PBXBuildFile section */

/* Begin PBXFileReference section */
		D2B918D72164A6F3002BAB91 /* PooPeeBox.app */ = {isa = PBXFileReference; explicitFileType = wrapper.application; includeInIndex = 0; path = PooPeeBox.app; sourceTree = BUILT_PRODUCTS_DIR; };
		D2B918DA2164A6F3002BAB91 /* AppDelegate.swift */ = {isa = PBXFileReference; lastKnownFileType = sourcecode.swift; path = AppDelegate.swift; sourceTree = "<group>"; };
		D2B918DC2164A6F3002BAB91 /* ViewController.swift */ = {isa = PBXFileReference; lastKnownFileType = sourcecode.swift; path = ViewController.swift; sourceTree = "<group>"; };
		D2B918DF2164A6F3002BAB91 /* Base */ = {isa = PBXFileReference; lastKnownFileType = file.storyboard; name = Base; path = Base.lproj/Main.storyboard; sourceTree = "<group>"; };
		D2B918E22164A6F3002BAB91 /* PooPeeBox.xcdatamodel */ = {isa = PBXFileReference; lastKnownFileType = wrapper.xcdatamodel; path = PooPeeBox.xcdatamodel; sourceTree = "<group>"; };
		D2B918E42164A6F5002BAB91 /* Assets.xcassets */ = {isa = PBXFileReference; lastKnownFileType = folder.assetcatalog; path = Assets.xcassets; sourceTree = "<group>"; };
		D2B918E72164A6F5002BAB91 /* Base */ = {isa = PBXFileReference; lastKnownFileType = file.storyboard; name = Base; path = Base.lproj/LaunchScreen.storyboard; sourceTree = "<group>"; };
		D2B918E92164A6F5002BAB91 /* Info.plist */ = {isa = PBXFileReference; lastKnownFileType = text.plist.xml; path = Info.plist; sourceTree = "<group>"; };
/* End PBXFileReference section */

/* Begin PBXFrameworksBuildPhase section */
		D2B918D42164A6F3002BAB91 /* Frameworks */ = {
			isa = PBXFrameworksBuildPhase;
			buildActionMask = 2147483647;
			files = (
			);
			runOnlyForDeploymentPostprocessing = 0;
		};
/* End PBXFrameworksBuildPhase section */

/* Begin PBXGroup section */
		D2B918CE2164A6F3002BAB91 = {
			isa = PBXGroup;
			children = (
				D2B918D92164A6F3002BAB91 /* PooPeeBox */,
				D2B918D82164A6F3002BAB91 /* Products */,
			);
			sourceTree = "<group>";
		};
		D2B918D82164A6F3002BAB91 /* Products */ = {
			isa = PBXGroup;
			children = (
				D2B918D72164A6F3002BAB91 /* PooPeeBox.app */,
			);
			name = Products;
			sourceTree = "<group>";
		};
		D2B918D92164A6F3002BAB91 /* PooPeeBox */ = {
			isa = PBXGroup;
			children = (
				D2B918DA2164A6F3002BAB91 /* AppDelegate.swift */,
				D2B918DC2164A6F3002BAB91 /* ViewController.swift */,
				D2B918DE2164A6F3002BAB91 /* Main.storyboard */,
				D2B918E42164A6F5002BAB91 /* Assets.xcassets */,
				D2B918E62164A6F5002BAB91 /* LaunchScreen.storyboard */,
				D2B918E92164A6F5002BAB91 /* Info.plist */,
				D2B918E12164A6F3002BAB91 /* PooPeeBox.xcdatamodeld */,
			);
			path = PooPeeBox;
			sourceTree = "<group>";
		};
/* End PBXGroup section */

/* Begin PBXNativeTarget section */
		D2B918D62164A6F3002BAB91 /* PooPeeBox */ = {
			isa = PBXNativeTarget;
			buildConfigurationList = D2B918EC2164A6F5002BAB91 /* Build configuration list for PBXNativeTarget "PooPeeBox" */;
			buildPhases = (
				D2B918D32164A6F3002BAB91 /* Sources */,
				D2B918D42164A6F3002BAB91 /* Frameworks */,
				D2B918D52164A6F3002BAB91 /* Resources */,
			);
			buildRules = (
			);
			dependencies = (
			);
			name = PooPeeBox;
			productName = PooPeeBox;
			productReference = D2B918D72164A6F3002BAB91 /* PooPeeBox.app */;
			productType = "com.apple.product-type.application";
		};
/* End PBXNativeTarget section */

/* Begin PBXProject section */
		D2B918CF2164A6F3002BAB91 /* Project object */ = {
			isa = PBXProject;
			attributes = {
				LastSwiftUpdateCheck = 1000;
				LastUpgradeCheck = 1000;
				ORGANIZATIONNAME = "Miguel Geraldo";
				TargetAttributes = {
					D2B918D62164A6F3002BAB91 = {
						CreatedOnToolsVersion = 10.0;
					};
				};
			};
			buildConfigurationList = D2B918D22164A6F3002BAB91 /* Build configuration list for PBXProject "PooPeeBox" */;
			compatibilityVersion = "Xcode 9.3";
			developmentRegion = en;
			hasScannedForEncodings = 0;
			knownRegions = (
				en,
				Base,
			);
			mainGroup = D2B918CE2164A6F3002BAB91;
			productRefGroup = D2B918D82164A6F3002BAB91 /* Products */;
			projectDirPath = "";
			projectRoot = "";
			targets = (
				D2B918D62164A6F3002BAB91 /* PooPeeBox */,
			);
		};
/* End PBXProject section */

/* Begin PBXResourcesBuildPhase section */
		D2B918D52164A6F3002BAB91 /* Resources */ = {
			isa = PBXResourcesBuildPhase;
			buildActionMask = 2147483647;
			files = (
				D2B918E82164A6F5002BAB91 /* LaunchScreen.storyboard in Resources */,
				D2B918E52164A6F5002BAB91 /* Assets.xcassets in Resources */,
				D2B918E02164A6F3002BAB91 /* Main.storyboard in Resources */,
			);
			runOnlyForDeploymentPostprocessing = 0;
		};
/* End PBXResourcesBuildPhase section */

/* Begin PBXSourcesBuildPhase section */
		D2B918D32164A6F3002BAB91 /* Sources */ = {
			isa = PBXSourcesBuildPhase;
			buildActionMask = 2147483647;
			files = (
				D2B918DD2164A6F3002BAB91 /* ViewController.swift in Sources */,
				D2B918DB2164A6F3002BAB91 /* AppDelegate.swift in Sources */,
				D2B918E32164A6F3002BAB91 /* PooPeeBox.xcdatamodeld in Sources */,
			);
			runOnlyForDeploymentPostprocessing = 0;
		};
/* End PBXSourcesBuildPhase section */

/* Begin PBXVariantGroup section */
		D2B918DE2164A6F3002BAB91 /* Main.storyboard */ = {
			isa = PBXVariantGroup;
			children = (
				D2B918DF2164A6F3002BAB91 /* Base */,
			);
			name = Main.storyboard;
			sourceTree = "<group>";
		};
		D2B918E62164A6F5002BAB91 /* LaunchScreen.storyboard */ = {
			isa = PBXVariantGroup;
			children = (
				D2B918E72164A6F5002BAB91 /* Base */,
			);
			name = LaunchScreen.storyboard;
			sourceTree = "<group>";
		};
/* End PBXVariantGroup section */

/* Begin XCBuildConfiguration section */
		D2B918EA2164A6F5002BAB91 /* Debug */ = {
			isa = XCBuildConfiguration;
			buildSettings = {
				ALWAYS_SEARCH_USER_PATHS = NO;
				CLANG_ANALYZER_NONNULL = YES;
				CLANG_ANALYZER_NUMBER_OBJECT_CONVERSION = YES_AGGRESSIVE;
				CLANG_CXX_LANGUAGE_STANDARD = "gnu++14";
				CLANG_CXX_LIBRARY = "libc++";
				CLANG_ENABLE_MODULES = YES;
				CLANG_ENABLE_OBJC_ARC = YES;
				CLANG_ENABLE_OBJC_WEAK = YES;
				CLANG_WARN_BLOCK_CAPTURE_AUTORELEASING = YES;
				CLANG_WARN_BOOL_CONVERSION = YES;
				CLANG_WARN_COMMA = YES;
				CLANG_WARN_CONSTANT_CONVERSION = YES;
				CLANG_WARN_DEPRECATED_OBJC_IMPLEMENTATIONS = YES;
				CLANG_WARN_DIRECT_OBJC_ISA_USAGE = YES_ERROR;
				CLANG_WARN_DOCUMENTATION_COMMENTS = YES;
				CLANG_WARN_EMPTY_BODY = YES;
				CLANG_WARN_ENUM_CONVERSION = YES;
				CLANG_WARN_INFINITE_RECURSION = YES;
				CLANG_WARN_INT_CONVERSION = YES;
				CLANG_WARN_NON_LITERAL_NULL_CONVERSION = YES;
				CLANG_WARN_OBJC_IMPLICIT_RETAIN_SELF = YES;
				CLANG_WARN_OBJC_LITERAL_CONVERSION = YES;
				CLANG_WARN_OBJC_ROOT_CLASS = YES_ERROR;
				CLANG_WARN_RANGE_LOOP_ANALYSIS = YES;
				CLANG_WARN_STRICT_PROTOTYPES = YES;
				CLANG_WARN_SUSPICIOUS_MOVE = YES;
				CLANG_WARN_UNGUARDED_AVAILABILITY = YES_AGGRESSIVE;
				CLANG_WARN_UNREACHABLE_CODE = YES;
				CLANG_WARN__DUPLICATE_METHOD_MATCH = YES;
				CODE_SIGN_IDENTITY = "iPhone Developer";
				COPY_PHASE_STRIP = NO;
				DEBUG_INFORMATION_FORMAT = dwarf;
				ENABLE_STRICT_OBJC_MSGSEND = YES;
				ENABLE_TESTABILITY = YES;
				GCC_C_LANGUAGE_STANDARD = gnu11;
				GCC_DYNAMIC_NO_PIC = NO;
				GCC_NO_COMMON_BLOCKS = YES;
				GCC_OPTIMIZATION_LEVEL = 0;
				GCC_PREPROCESSOR_DEFINITIONS = (
					"DEBUG=1",
					"$(inherited)",
				);
				GCC_WARN_64_TO_32_BIT_CONVERSION = YES;
				GCC_WARN_ABOUT_RETURN_TYPE = YES_ERROR;
				GCC_WARN_UNDECLARED_SELECTOR = YES;
				GCC_WARN_UNINITIALIZED_AUTOS = YES_AGGRESSIVE;
				GCC_WARN_UNUSED_FUNCTION = YES;
				GCC_WARN_UNUSED_VARIABLE = YES;
				IPHONEOS_DEPLOYMENT_TARGET = 12.0;
				MTL_ENABLE_DEBUG_INFO = INCLUDE_SOURCE;
				MTL_FAST_MATH = YES;
				ONLY_ACTIVE_ARCH = YES;
				SDKROOT = iphoneos;
				SWIFT_ACTIVE_COMPILATION_CONDITIONS = DEBUG;
				SWIFT_OPTIMIZATION_LEVEL = "-Onone";
			};
			name = Debug;
		};
		D2B918EB2164A6F5002BAB91 /* Release */ = {
			isa = XCBuildConfiguration;
			buildSettings = {
				ALWAYS_SEARCH_USER_PATHS = NO;
				CLANG_ANALYZER_NONNULL = YES;
				CLANG_ANALYZER_NUMBER_OBJECT_CONVERSION = YES_AGGRESSIVE;
				CLANG_CXX_LANGUAGE_STANDARD = "gnu++14";
				CLANG_CXX_LIBRARY = "libc++";
				CLANG_ENABLE_MODULES = YES;
				CLANG_ENABLE_OBJC_ARC = YES;
				CLANG_ENABLE_OBJC_WEAK = YES;
				CLANG_WARN_BLOCK_CAPTURE_AUTORELEASING = YES;
				CLANG_WARN_BOOL_CONVERSION = YES;
				CLANG_WARN_COMMA = YES;
				CLANG_WARN_CONSTANT_CONVERSION = YES;
				CLANG_WARN_DEPRECATED_OBJC_IMPLEMENTATIONS = YES;
				CLANG_WARN_DIRECT_OBJC_ISA_USAGE = YES_ERROR;
				CLANG_WARN_DOCUMENTATION_COMMENTS = YES;
				CLANG_WARN_EMPTY_BODY = YES;
				CLANG_WARN_ENUM_CONVERSION = YES;
				CLANG_WARN_INFINITE_RECURSION = YES;
				CLANG_WARN_INT_CONVERSION = YES;
				CLANG_WARN_NON_LITERAL_NULL_CONVERSION = YES;
				CLANG_WARN_OBJC_IMPLICIT_RETAIN_SELF = YES;
				CLANG_WARN_OBJC_LITERAL_CONVERSION = YES;
				CLANG_WARN_OBJC_ROOT_CLASS = YES_ERROR;
				CLANG_WARN_RANGE_LOOP_ANALYSIS = YES;
				CLANG_WARN_STRICT_PROTOTYPES = YES;
				CLANG_WARN_SUSPICIOUS_MOVE = YES;
				CLANG_WARN_UNGUARDED_AVAILABILITY = YES_AGGRESSIVE;
				CLANG_WARN_UNREACHABLE_CODE = YES;
				CLANG_WARN__DUPLICATE_METHOD_MATCH = YES;
				CODE_SIGN_IDENTITY = "iPhone Developer";
				COPY_PHASE_STRIP = NO;
				DEBUG_INFORMATION_FORMAT = "dwarf-with-dsym";
				ENABLE_NS_ASSERTIONS = NO;
				ENABLE_STRICT_OBJC_MSGSEND = YES;
				GCC_C_LANGUAGE_STANDARD = gnu11;
				GCC_NO_COMMON_BLOCKS = YES;
				GCC_WARN_64_TO_32_BIT_CONVERSION = YES;
				GCC_WARN_ABOUT_RETURN_TYPE = YES_ERROR;
				GCC_WARN_UNDECLARED_SELECTOR = YES;
				GCC_WARN_UNINITIALIZED_AUTOS = YES_AGGRESSIVE;
				GCC_WARN_UNUSED_FUNCTION = YES;
				GCC_WARN_UNUSED_VARIABLE = YES;
				IPHONEOS_DEPLOYMENT_TARGET = 12.0;
				MTL_ENABLE_DEBUG_INFO = NO;
				MTL_FAST_MATH = YES;
				SDKROOT = iphoneos;
				SWIFT_COMPILATION_MODE = wholemodule;
				SWIFT_OPTIMIZATION_LEVEL = "-O";
				VALIDATE_PRODUCT = YES;
			};
			name = Release;
		};
		D2B918ED2164A6F5002BAB91 /* Debug */ = {
			isa = XCBuildConfiguration;
			buildSettings = {
				ASSETCATALOG_COMPILER_APPICON_NAME = AppIcon;
				CODE_SIGN_STYLE = Automatic;
				DEVELOPMENT_TEAM = PHPZMA327B;
				INFOPLIST_FILE = PooPeeBox/Info.plist;
				LD_RUNPATH_SEARCH_PATHS = (
					"$(inherited)",
					"@executable_path/Frameworks",
				);
				PRODUCT_BUNDLE_IDENTIFIER = edu.binus.PooPeeBox;
				PRODUCT_NAME = "$(TARGET_NAME)";
				SWIFT_VERSION = 4.2;
				TARGETED_DEVICE_FAMILY = "1,2";
			};
			name = Debug;
		};
		D2B918EE2164A6F5002BAB91 /* Release */ = {
			isa = XCBuildConfiguration;
			buildSettings = {
				ASSETCATALOG_COMPILER_APPICON_NAME = AppIcon;
				CODE_SIGN_STYLE = Automatic;
				DEVELOPMENT_TEAM = PHPZMA327B;
				INFOPLIST_FILE = PooPeeBox/Info.plist;
				LD_RUNPATH_SEARCH_PATHS = (
					"$(inherited)",
					"@executable_path/Frameworks",
				);
				PRODUCT_BUNDLE_IDENTIFIER = edu.binus.PooPeeBox;
				PRODUCT_NAME = "$(TARGET_NAME)";
				SWIFT_VERSION = 4.2;
				TARGETED_DEVICE_FAMILY = "1,2";
			};
			name = Release;
		};
/* End XCBuildConfiguration section */

/* Begin XCConfigurationList section */
		D2B918D22164A6F3002BAB91 /* Build configuration list for PBXProject "PooPeeBox" */ = {
			isa = XCConfigurationList;
			buildConfigurations = (
				D2B918EA2164A6F5002BAB91 /* Debug */,
				D2B918EB2164A6F5002BAB91 /* Release */,
			);
			defaultConfigurationIsVisible = 0;
			defaultConfigurationName = Release;
		};
		D2B918EC2164A6F5002BAB91 /* Build configuration list for PBXNativeTarget "PooPeeBox" */ = {
			isa = XCConfigurationList;
			buildConfigurations = (
				D2B918ED2164A6F5002BAB91 /* Debug */,
				D2B918EE2164A6F5002BAB91 /* Release */,
			);
			defaultConfigurationIsVisible = 0;
			defaultConfigurationName = Release;
		};
/* End XCConfigurationList section */

/* Begin XCVersionGroup section */
		D2B918E12164A6F3002BAB91 /* PooPeeBox.xcdatamodeld */ = {
			isa = XCVersionGroup;
			children = (
				D2B918E22164A6F3002BAB91 /* PooPeeBox.xcdatamodel */,
			);
			currentVersion = D2B918E22164A6F3002BAB91 /* PooPeeBox.xcdatamodel */;
			path = PooPeeBox.xcdatamodeld;
			sourceTree = "<group>";
			versionGroupType = wrapper.xcdatamodel;
		};
/* End XCVersionGroup section */
	};
	rootObject = D2B918CF2164A6F3002BAB91 /* Project object */;
}
